
Microsoft Visual Studio Solution File, Format Version 12.00
# Visual Studio Version 17
VisualStudioVersion = 17.0.31903.59
MinimumVisualStudioVersion = 10.0.40219.1
Project("{2150E333-8FDC-42A3-9474-1A3956D46DE8}") = "Services", "Services", "{9BB1BED4-3241-4BBB-A4E3-44936D67A253}"
EndProject
Project("{2150E333-8FDC-42A3-9474-1A3956D46DE8}") = "Deployments", "Deployments", "{F3CEA520-51CF-4BF4-9DB1-E31F5619F4FE}"
EndProject
Project("{9A19103F-16F7-4668-BE54-9A1E7A4F7556}") = "Blazor.UI", "Blazor.UI\Blazor.UI.csproj", "{B748491A-720C-4B66-A50B-3A4F6ABD46DA}"
EndProject
Project("{9A19103F-16F7-4668-BE54-9A1E7A4F7556}") = "EventBus.Messages", "EventBus.Messages\EventBus.Messages.csproj", "{6CD46C70-F523-49C6-9CC5-0AAEE14AAB34}"
EndProject
Project("{9A19103F-16F7-4668-BE54-9A1E7A4F7556}") = "Shared", "Shared\Shared.csproj", "{D3C2D971-AD1C-4C13-8783-C3765D5C58B7}"
EndProject
Project("{9A19103F-16F7-4668-BE54-9A1E7A4F7556}") = "Yarp.ApiGateway", "Yarp.ApiGateway\Yarp.ApiGateway.csproj", "{EA940535-90F7-440B-AD2F-053915A655F4}"
EndProject
Project("{2150E333-8FDC-42A3-9474-1A3956D46DE8}") = "Catalog", "Catalog", "{07163CDF-F09C-4FF1-851E-93426435D18E}"
EndProject
Project("{2150E333-8FDC-42A3-9474-1A3956D46DE8}") = "Ordering", "Ordering", "{8C76C029-3F37-4509-96A7-570C43247261}"
EndProject
Project("{2150E333-8FDC-42A3-9474-1A3956D46DE8}") = "Basket", "Basket", "{EBF139FF-EE7D-4721-9121-6DAFE66A38F6}"
EndProject
Project("{9A19103F-16F7-4668-BE54-9A1E7A4F7556}") = "Catalog.API", "Services\Catalog\Catalog.API\Catalog.API.csproj", "{7B498B2D-555D-4A5B-90B6-AE4FC29E1C8F}"
EndProject
Project("{9A19103F-16F7-4668-BE54-9A1E7A4F7556}") = "Discount.Grpc", "Services\Discount\Discount.Grpc\Discount.Grpc.csproj", "{BC92A2E2-9211-434A-8465-52BCFD93A0CA}"
EndProject
Project("{9A19103F-16F7-4668-BE54-9A1E7A4F7556}") = "Basket.API", "Services\Basket\Basket.API\Basket.API.csproj", "{2097DBDB-6E41-4E72-8953-6A0AB248D2E1}"
EndProject
Project("{9A19103F-16F7-4668-BE54-9A1E7A4F7556}") = "Ordering.API", "Services\Ordering\Ordering.API\Ordering.API.csproj", "{87A64D36-6FFD-42FE-84B1-6E9E4CC5EED7}"
EndProject
Project("{9A19103F-16F7-4668-BE54-9A1E7A4F7556}") = "Ordering.Application", "Services\Ordering\Ordering.Application\Ordering.Application.csproj", "{CCEE2B35-7764-4780-A919-BF68E65CA317}"
EndProject
Project("{9A19103F-16F7-4668-BE54-9A1E7A4F7556}") = "Ordering.Domain", "Services\Ordering\Ordering.Domain\Ordering.Domain.csproj", "{93045940-40EC-41E5-B293-6267637D5704}"
EndProject
Project("{9A19103F-16F7-4668-BE54-9A1E7A4F7556}") = "Ordering.Infrastructure", "Services\Ordering\Ordering.Infrastructure\Ordering.Infrastructure.csproj", "{383F0F98-0CA4-49B5-97DB-A0CE09C17832}"
EndProject
Project("{E53339B2-1760-4266-BCC7-CA923CBCF16C}") = "docker-compose", "docker-compose.dcproj", "{E92F17F1-58CB-4396-896F-787FAC0CF9B3}"
EndProject
Global
	GlobalSection(SolutionConfigurationPlatforms) = preSolution
		Debug|Any CPU = Debug|Any CPU
		Release|Any CPU = Release|Any CPU
	EndGlobalSection
	GlobalSection(ProjectConfigurationPlatforms) = postSolution
		{B748491A-720C-4B66-A50B-3A4F6ABD46DA}.Debug|Any CPU.ActiveCfg = Debug|Any CPU
		{B748491A-720C-4B66-A50B-3A4F6ABD46DA}.Debug|Any CPU.Build.0 = Debug|Any CPU
		{B748491A-720C-4B66-A50B-3A4F6ABD46DA}.Release|Any CPU.ActiveCfg = Release|Any CPU
		{B748491A-720C-4B66-A50B-3A4F6ABD46DA}.Release|Any CPU.Build.0 = Release|Any CPU
		{6CD46C70-F523-49C6-9CC5-0AAEE14AAB34}.Debug|Any CPU.ActiveCfg = Debug|Any CPU
		{6CD46C70-F523-49C6-9CC5-0AAEE14AAB34}.Debug|Any CPU.Build.0 = Debug|Any CPU
		{6CD46C70-F523-49C6-9CC5-0AAEE14AAB34}.Release|Any CPU.ActiveCfg = Release|Any CPU
		{6CD46C70-F523-49C6-9CC5-0AAEE14AAB34}.Release|Any CPU.Build.0 = Release|Any CPU
		{D3C2D971-AD1C-4C13-8783-C3765D5C58B7}.Debug|Any CPU.ActiveCfg = Debug|Any CPU
		{D3C2D971-AD1C-4C13-8783-C3765D5C58B7}.Debug|Any CPU.Build.0 = Debug|Any CPU
		{D3C2D971-AD1C-4C13-8783-C3765D5C58B7}.Release|Any CPU.ActiveCfg = Release|Any CPU
		{D3C2D971-AD1C-4C13-8783-C3765D5C58B7}.Release|Any CPU.Build.0 = Release|Any CPU
		{EA940535-90F7-440B-AD2F-053915A655F4}.Debug|Any CPU.ActiveCfg = Debug|Any CPU
		{EA940535-90F7-440B-AD2F-053915A655F4}.Debug|Any CPU.Build.0 = Debug|Any CPU
		{EA940535-90F7-440B-AD2F-053915A655F4}.Release|Any CPU.ActiveCfg = Release|Any CPU
		{EA940535-90F7-440B-AD2F-053915A655F4}.Release|Any CPU.Build.0 = Release|Any CPU
		{7B498B2D-555D-4A5B-90B6-AE4FC29E1C8F}.Debug|Any CPU.ActiveCfg = Debug|Any CPU
		{7B498B2D-555D-4A5B-90B6-AE4FC29E1C8F}.Debug|Any CPU.Build.0 = Debug|Any CPU
		{7B498B2D-555D-4A5B-90B6-AE4FC29E1C8F}.Release|Any CPU.ActiveCfg = Release|Any CPU
		{7B498B2D-555D-4A5B-90B6-AE4FC29E1C8F}.Release|Any CPU.Build.0 = Release|Any CPU
		{BC92A2E2-9211-434A-8465-52BCFD93A0CA}.Debug|Any CPU.ActiveCfg = Debug|Any CPU
		{BC92A2E2-9211-434A-8465-52BCFD93A0CA}.Debug|Any CPU.Build.0 = Debug|Any CPU
		{BC92A2E2-9211-434A-8465-52BCFD93A0CA}.Release|Any CPU.ActiveCfg = Release|Any CPU
		{BC92A2E2-9211-434A-8465-52BCFD93A0CA}.Release|Any CPU.Build.0 = Release|Any CPU
		{2097DBDB-6E41-4E72-8953-6A0AB248D2E1}.Debug|Any CPU.ActiveCfg = Debug|Any CPU
		{2097DBDB-6E41-4E72-8953-6A0AB248D2E1}.Debug|Any CPU.Build.0 = Debug|Any CPU
		{2097DBDB-6E41-4E72-8953-6A0AB248D2E1}.Release|Any CPU.ActiveCfg = Release|Any CPU
		{2097DBDB-6E41-4E72-8953-6A0AB248D2E1}.Release|Any CPU.Build.0 = Release|Any CPU
		{87A64D36-6FFD-42FE-84B1-6E9E4CC5EED7}.Debug|Any CPU.ActiveCfg = Debug|Any CPU
		{87A64D36-6FFD-42FE-84B1-6E9E4CC5EED7}.Debug|Any CPU.Build.0 = Debug|Any CPU
		{87A64D36-6FFD-42FE-84B1-6E9E4CC5EED7}.Release|Any CPU.ActiveCfg = Release|Any CPU
		{87A64D36-6FFD-42FE-84B1-6E9E4CC5EED7}.Release|Any CPU.Build.0 = Release|Any CPU
		{CCEE2B35-7764-4780-A919-BF68E65CA317}.Debug|Any CPU.ActiveCfg = Debug|Any CPU
		{CCEE2B35-7764-4780-A919-BF68E65CA317}.Debug|Any CPU.Build.0 = Debug|Any CPU
		{CCEE2B35-7764-4780-A919-BF68E65CA317}.Release|Any CPU.ActiveCfg = Release|Any CPU
		{CCEE2B35-7764-4780-A919-BF68E65CA317}.Release|Any CPU.Build.0 = Release|Any CPU
		{93045940-40EC-41E5-B293-6267637D5704}.Debug|Any CPU.ActiveCfg = Debug|Any CPU
		{93045940-40EC-41E5-B293-6267637D5704}.Debug|Any CPU.Build.0 = Debug|Any CPU
		{93045940-40EC-41E5-B293-6267637D5704}.Release|Any CPU.ActiveCfg = Release|Any CPU
		{93045940-40EC-41E5-B293-6267637D5704}.Release|Any CPU.Build.0 = Release|Any CPU
		{383F0F98-0CA4-49B5-97DB-A0CE09C17832}.Debug|Any CPU.ActiveCfg = Debug|Any CPU
		{383F0F98-0CA4-49B5-97DB-A0CE09C17832}.Debug|Any CPU.Build.0 = Debug|Any CPU
		{383F0F98-0CA4-49B5-97DB-A0CE09C17832}.Release|Any CPU.ActiveCfg = Release|Any CPU
		{383F0F98-0CA4-49B5-97DB-A0CE09C17832}.Release|Any CPU.Build.0 = Release|Any CPU
		{E92F17F1-58CB-4396-896F-787FAC0CF9B3}.Debug|Any CPU.ActiveCfg = Debug|Any CPU
		{E92F17F1-58CB-4396-896F-787FAC0CF9B3}.Debug|Any CPU.Build.0 = Debug|Any CPU
		{E92F17F1-58CB-4396-896F-787FAC0CF9B3}.Release|Any CPU.ActiveCfg = Release|Any CPU
		{E92F17F1-58CB-4396-896F-787FAC0CF9B3}.Release|Any CPU.Build.0 = Release|Any CPU
	EndGlobalSection
	GlobalSection(SolutionProperties) = preSolution
		HideSolutionNode = FALSE
	EndGlobalSection
	GlobalSection(NestedProjects) = preSolution
		{07163CDF-F09C-4FF1-851E-93426435D18E} = {9BB1BED4-3241-4BBB-A4E3-44936D67A253}
		{8C76C029-3F37-4509-96A7-570C43247261} = {9BB1BED4-3241-4BBB-A4E3-44936D67A253}
		{EBF139FF-EE7D-4721-9121-6DAFE66A38F6} = {9BB1BED4-3241-4BBB-A4E3-44936D67A253}
		{7B498B2D-555D-4A5B-90B6-AE4FC29E1C8F} = {07163CDF-F09C-4FF1-851E-93426435D18E}
		{BC92A2E2-9211-434A-8465-52BCFD93A0CA} = {9BB1BED4-3241-4BBB-A4E3-44936D67A253}
		{2097DBDB-6E41-4E72-8953-6A0AB248D2E1} = {EBF139FF-EE7D-4721-9121-6DAFE66A38F6}
		{87A64D36-6FFD-42FE-84B1-6E9E4CC5EED7} = {8C76C029-3F37-4509-96A7-570C43247261}
		{CCEE2B35-7764-4780-A919-BF68E65CA317} = {8C76C029-3F37-4509-96A7-570C43247261}
		{93045940-40EC-41E5-B293-6267637D5704} = {8C76C029-3F37-4509-96A7-570C43247261}
		{383F0F98-0CA4-49B5-97DB-A0CE09C17832} = {8C76C029-3F37-4509-96A7-570C43247261}
	EndGlobalSection
	GlobalSection(ExtensibilityGlobals) = postSolution
		SolutionGuid = {064BD915-9B62-4F50-BCEC-D22CCCB7DA8D}
	EndGlobalSection
EndGlobal
